// !$*UTF8*$!
{
	archiveVersion = 1;
	classes = {
	};
	objectVersion = 56;
	objects = {

/* Begin PBXBuildFile section */
		E5576BA429A7965600C0E6F1 /* MysticPuzzleApp.swift in Sources */ = {isa = PBXBuildFile; fileRef = E5576BA329A7965600C0E6F1 /* MysticPuzzleApp.swift */; };
		E5576BA629A7965600C0E6F1 /* MysticPuzzleView.swift in Sources */ = {isa = PBXBuildFile; fileRef = E5576BA529A7965600C0E6F1 /* MysticPuzzleView.swift */; };
		E5576BA829A7965800C0E6F1 /* Assets.xcassets in Resources */ = {isa = PBXBuildFile; fileRef = E5576BA729A7965800C0E6F1 /* Assets.xcassets */; };
		E5576BAB29A7965800C0E6F1 /* Preview Assets.xcassets in Resources */ = {isa = PBXBuildFile; fileRef = E5576BAA29A7965800C0E6F1 /* Preview Assets.xcassets */; };
		E5576BB329A798AA00C0E6F1 /* MysticPuzzleModel.swift in Sources */ = {isa = PBXBuildFile; fileRef = E5576BB229A798AA00C0E6F1 /* MysticPuzzleModel.swift */; };
		E5576BB629A799F600C0E6F1 /* Extensions.swift in Sources */ = {isa = PBXBuildFile; fileRef = E5576BB529A799F600C0E6F1 /* Extensions.swift */; };
		E5576BB929A79C5700C0E6F1 /* MysticPuzzleViewModel.swift in Sources */ = {isa = PBXBuildFile; fileRef = E5576BB829A79C5700C0E6F1 /* MysticPuzzleViewModel.swift */; };
		E5576BBC29A7A85500C0E6F1 /* ChalkboardSE.ttc in Resources */ = {isa = PBXBuildFile; fileRef = E5576BBB29A7A85500C0E6F1 /* ChalkboardSE.ttc */; };
		E5AE286D29ACE63000D485C6 /* mixkit-glass-plate-slide-1527.wav in Resources */ = {isa = PBXBuildFile; fileRef = E5AE286C29ACE62F00D485C6 /* mixkit-glass-plate-slide-1527.wav */; };
/* End PBXBuildFile section */

/* Begin PBXFileReference section */
		E5576BA029A7965600C0E6F1 /* MysticPuzzle.app */ = {isa = PBXFileReference; explicitFileType = wrapper.application; includeInIndex = 0; path = MysticPuzzle.app; sourceTree = BUILT_PRODUCTS_DIR; };
		E5576BA329A7965600C0E6F1 /* MysticPuzzleApp.swift */ = {isa = PBXFileReference; lastKnownFileType = sourcecode.swift; path = MysticPuzzleApp.swift; sourceTree = "<group>"; };
		E5576BA529A7965600C0E6F1 /* MysticPuzzleView.swift */ = {isa = PBXFileReference; lastKnownFileType = sourcecode.swift; path = MysticPuzzleView.swift; sourceTree = "<group>"; };
		E5576BA729A7965800C0E6F1 /* Assets.xcassets */ = {isa = PBXFileReference; lastKnownFileType = folder.assetcatalog; path = Assets.xcassets; sourceTree = "<group>"; };
		E5576BAA29A7965800C0E6F1 /* Preview Assets.xcassets */ = {isa = PBXFileReference; lastKnownFileType = folder.assetcatalog; path = "Preview Assets.xcassets"; sourceTree = "<group>"; };
		E5576BB229A798AA00C0E6F1 /* MysticPuzzleModel.swift */ = {isa = PBXFileReference; lastKnownFileType = sourcecode.swift; path = MysticPuzzleModel.swift; sourceTree = "<group>"; };
		E5576BB529A799F600C0E6F1 /* Extensions.swift */ = {isa = PBXFileReference; lastKnownFileType = sourcecode.swift; path = Extensions.swift; sourceTree = "<group>"; };
		E5576BB829A79C5700C0E6F1 /* MysticPuzzleViewModel.swift */ = {isa = PBXFileReference; lastKnownFileType = sourcecode.swift; path = MysticPuzzleViewModel.swift; sourceTree = "<group>"; };
		E5576BBB29A7A85500C0E6F1 /* ChalkboardSE.ttc */ = {isa = PBXFileReference; lastKnownFileType = file; path = ChalkboardSE.ttc; sourceTree = "<group>"; };
		E5AE286C29ACE62F00D485C6 /* mixkit-glass-plate-slide-1527.wav */ = {isa = PBXFileReference; lastKnownFileType = audio.wav; name = "mixkit-glass-plate-slide-1527.wav"; path = "MysticPuzzle/Assets.xcassets/mixkit-glass-plate-slide-1527.dataset/mixkit-glass-plate-slide-1527.wav"; sourceTree = SOURCE_ROOT; };
/* End PBXFileReference section */

/* Begin PBXFrameworksBuildPhase section */
		E5576B9D29A7965600C0E6F1 /* Frameworks */ = {
			isa = PBXFrameworksBuildPhase;
			buildActionMask = 2147483647;
			files = (
			);
			runOnlyForDeploymentPostprocessing = 0;
		};
/* End PBXFrameworksBuildPhase section */

/* Begin PBXGroup section */
		E5576B9729A7965600C0E6F1 = {
			isa = PBXGroup;
			children = (
				E5576BA229A7965600C0E6F1 /* MysticPuzzle */,
				E5576BA129A7965600C0E6F1 /* Products */,
			);
			sourceTree = "<group>";
		};
		E5576BA129A7965600C0E6F1 /* Products */ = {
			isa = PBXGroup;
			children = (
				E5576BA029A7965600C0E6F1 /* MysticPuzzle.app */,
			);
			name = Products;
			sourceTree = "<group>";
		};
		E5576BA229A7965600C0E6F1 /* MysticPuzzle */ = {
			isa = PBXGroup;
			children = (
				E5576BB729A79C4500C0E6F1 /* ViewModel */,
				E5576BB429A799DC00C0E6F1 /* Extensions */,
				E5576BB129A7989300C0E6F1 /* Model */,
				E5576BA329A7965600C0E6F1 /* MysticPuzzleApp.swift */,
				E5576BA529A7965600C0E6F1 /* MysticPuzzleView.swift */,
				E5576BA729A7965800C0E6F1 /* Assets.xcassets */,
				E5576BA929A7965800C0E6F1 /* Preview Content */,
			);
			path = MysticPuzzle;
			sourceTree = "<group>";
		};
		E5576BA929A7965800C0E6F1 /* Preview Content */ = {
			isa = PBXGroup;
			children = (
				E5AE286C29ACE62F00D485C6 /* mixkit-glass-plate-slide-1527.wav */,
				E5576BBB29A7A85500C0E6F1 /* ChalkboardSE.ttc */,
				E5576BAA29A7965800C0E6F1 /* Preview Assets.xcassets */,
			);
			path = "Preview Content";
			sourceTree = "<group>";
		};
		E5576BB129A7989300C0E6F1 /* Model */ = {
			isa = PBXGroup;
			children = (
				E5576BB229A798AA00C0E6F1 /* MysticPuzzleModel.swift */,
			);
			path = Model;
			sourceTree = "<group>";
		};
		E5576BB429A799DC00C0E6F1 /* Extensions */ = {
			isa = PBXGroup;
			children = (
				E5576BB529A799F600C0E6F1 /* Extensions.swift */,
			);
			path = Extensions;
			sourceTree = "<group>";
		};
		E5576BB729A79C4500C0E6F1 /* ViewModel */ = {
			isa = PBXGroup;
			children = (
				E5576BB829A79C5700C0E6F1 /* MysticPuzzleViewModel.swift */,
			);
			path = ViewModel;
			sourceTree = "<group>";
		};
/* End PBXGroup section */

/* Begin PBXNativeTarget section */
		E5576B9F29A7965600C0E6F1 /* MysticPuzzle */ = {
			isa = PBXNativeTarget;
			buildConfigurationList = E5576BAE29A7965800C0E6F1 /* Build configuration list for PBXNativeTarget "MysticPuzzle" */;
			buildPhases = (
				E5576B9C29A7965600C0E6F1 /* Sources */,
				E5576B9D29A7965600C0E6F1 /* Frameworks */,
				E5576B9E29A7965600C0E6F1 /* Resources */,
			);
			buildRules = (
			);
			dependencies = (
			);
			name = MysticPuzzle;
			productName = MysticPuzzle;
			productReference = E5576BA029A7965600C0E6F1 /* MysticPuzzle.app */;
			productType = "com.apple.product-type.application";
		};
/* End PBXNativeTarget section */

/* Begin PBXProject section */
		E5576B9829A7965600C0E6F1 /* Project object */ = {
			isa = PBXProject;
			attributes = {
				BuildIndependentTargetsInParallel = 1;
				LastSwiftUpdateCheck = 1420;
				LastUpgradeCheck = 1420;
				TargetAttributes = {
					E5576B9F29A7965600C0E6F1 = {
						CreatedOnToolsVersion = 14.2;
					};
				};
			};
			buildConfigurationList = E5576B9B29A7965600C0E6F1 /* Build configuration list for PBXProject "MysticPuzzle" */;
			compatibilityVersion = "Xcode 14.0";
			developmentRegion = en;
			hasScannedForEncodings = 0;
			knownRegions = (
				en,
				Base,
			);
			mainGroup = E5576B9729A7965600C0E6F1;
			productRefGroup = E5576BA129A7965600C0E6F1 /* Products */;
			projectDirPath = "";
			projectRoot = "";
			targets = (
				E5576B9F29A7965600C0E6F1 /* MysticPuzzle */,
			);
		};
/* End PBXProject section */

/* Begin PBXResourcesBuildPhase section */
		E5576B9E29A7965600C0E6F1 /* Resources */ = {
			isa = PBXResourcesBuildPhase;
			buildActionMask = 2147483647;
			files = (
				E5576BAB29A7965800C0E6F1 /* Preview Assets.xcassets in Resources */,
				E5AE286D29ACE63000D485C6 /* mixkit-glass-plate-slide-1527.wav in Resources */,
				E5576BA829A7965800C0E6F1 /* Assets.xcassets in Resources */,
				E5576BBC29A7A85500C0E6F1 /* ChalkboardSE.ttc in Resources */,
			);
			runOnlyForDeploymentPostprocessing = 0;
		};
/* End PBXResourcesBuildPhase section */

/* Begin PBXSourcesBuildPhase section */
		E5576B9C29A7965600C0E6F1 /* Sources */ = {
			isa = PBXSourcesBuildPhase;
			buildActionMask = 2147483647;
			files = (
				E5576BA629A7965600C0E6F1 /* MysticPuzzleView.swift in Sources */,
				E5576BB929A79C5700C0E6F1 /* MysticPuzzleViewModel.swift in Sources */,
				E5576BA429A7965600C0E6F1 /* MysticPuzzleApp.swift in Sources */,
				E5576BB329A798AA00C0E6F1 /* MysticPuzzleModel.swift in Sources */,
				E5576BB629A799F600C0E6F1 /* Extensions.swift in Sources */,
			);
			runOnlyForDeploymentPostprocessing = 0;
		};
/* End PBXSourcesBuildPhase section */

/* Begin XCBuildConfiguration section */
		E5576BAC29A7965800C0E6F1 /* Debug */ = {
			isa = XCBuildConfiguration;
			buildSettings = {
				ALWAYS_SEARCH_USER_PATHS = NO;
				CLANG_ANALYZER_NONNULL = YES;
				CLANG_ANALYZER_NUMBER_OBJECT_CONVERSION = YES_AGGRESSIVE;
				CLANG_CXX_LANGUAGE_STANDARD = "gnu++20";
				CLANG_ENABLE_MODULES = YES;
				CLANG_ENABLE_OBJC_ARC = YES;
				CLANG_ENABLE_OBJC_WEAK = YES;
				CLANG_WARN_BLOCK_CAPTURE_AUTORELEASING = YES;
				CLANG_WARN_BOOL_CONVERSION = YES;
				CLANG_WARN_COMMA = YES;
				CLANG_WARN_CONSTANT_CONVERSION = YES;
				CLANG_WARN_DEPRECATED_OBJC_IMPLEMENTATIONS = YES;
				CLANG_WARN_DIRECT_OBJC_ISA_USAGE = YES_ERROR;
				CLANG_WARN_DOCUMENTATION_COMMENTS = YES;
				CLANG_WARN_EMPTY_BODY = YES;
				CLANG_WARN_ENUM_CONVERSION = YES;
				CLANG_WARN_INFINITE_RECURSION = YES;
				CLANG_WARN_INT_CONVERSION = YES;
				CLANG_WARN_NON_LITERAL_NULL_CONVERSION = YES;
				CLANG_WARN_OBJC_IMPLICIT_RETAIN_SELF = YES;
				CLANG_WARN_OBJC_LITERAL_CONVERSION = YES;
				CLANG_WARN_OBJC_ROOT_CLASS = YES_ERROR;
				CLANG_WARN_QUOTED_INCLUDE_IN_FRAMEWORK_HEADER = YES;
				CLANG_WARN_RANGE_LOOP_ANALYSIS = YES;
				CLANG_WARN_STRICT_PROTOTYPES = YES;
				CLANG_WARN_SUSPICIOUS_MOVE = YES;
				CLANG_WARN_UNGUARDED_AVAILABILITY = YES_AGGRESSIVE;
				CLANG_WARN_UNREACHABLE_CODE = YES;
				CLANG_WARN__DUPLICATE_METHOD_MATCH = YES;
				COPY_PHASE_STRIP = NO;
				DEBUG_INFORMATION_FORMAT = dwarf;
				ENABLE_STRICT_OBJC_MSGSEND = YES;
				ENABLE_TESTABILITY = YES;
				GCC_C_LANGUAGE_STANDARD = gnu11;
				GCC_DYNAMIC_NO_PIC = NO;
				GCC_NO_COMMON_BLOCKS = YES;
				GCC_OPTIMIZATION_LEVEL = 0;
				GCC_PREPROCESSOR_DEFINITIONS = (
					"DEBUG=1",
					"$(inherited)",
				);
				GCC_WARN_64_TO_32_BIT_CONVERSION = YES;
				GCC_WARN_ABOUT_RETURN_TYPE = YES_ERROR;
				GCC_WARN_UNDECLARED_SELECTOR = YES;
				GCC_WARN_UNINITIALIZED_AUTOS = YES_AGGRESSIVE;
				GCC_WARN_UNUSED_FUNCTION = YES;
				GCC_WARN_UNUSED_VARIABLE = YES;
				IPHONEOS_DEPLOYMENT_TARGET = 16.2;
				MTL_ENABLE_DEBUG_INFO = INCLUDE_SOURCE;
				MTL_FAST_MATH = YES;
				ONLY_ACTIVE_ARCH = YES;
				SDKROOT = iphoneos;
				SWIFT_ACTIVE_COMPILATION_CONDITIONS = DEBUG;
				SWIFT_OPTIMIZATION_LEVEL = "-Onone";
			};
			name = Debug;
		};
		E5576BAD29A7965800C0E6F1 /* Release */ = {
			isa = XCBuildConfiguration;
			buildSettings = {
				ALWAYS_SEARCH_USER_PATHS = NO;
				CLANG_ANALYZER_NONNULL = YES;
				CLANG_ANALYZER_NUMBER_OBJECT_CONVERSION = YES_AGGRESSIVE;
				CLANG_CXX_LANGUAGE_STANDARD = "gnu++20";
				CLANG_ENABLE_MODULES = YES;
				CLANG_ENABLE_OBJC_ARC = YES;
				CLANG_ENABLE_OBJC_WEAK = YES;
				CLANG_WARN_BLOCK_CAPTURE_AUTORELEASING = YES;
				CLANG_WARN_BOOL_CONVERSION = YES;
				CLANG_WARN_COMMA = YES;
				CLANG_WARN_CONSTANT_CONVERSION = YES;
				CLANG_WARN_DEPRECATED_OBJC_IMPLEMENTATIONS = YES;
				CLANG_WARN_DIRECT_OBJC_ISA_USAGE = YES_ERROR;
				CLANG_WARN_DOCUMENTATION_COMMENTS = YES;
				CLANG_WARN_EMPTY_BODY = YES;
				CLANG_WARN_ENUM_CONVERSION = YES;
				CLANG_WARN_INFINITE_RECURSION = YES;
				CLANG_WARN_INT_CONVERSION = YES;
				CLANG_WARN_NON_LITERAL_NULL_CONVERSION = YES;
				CLANG_WARN_OBJC_IMPLICIT_RETAIN_SELF = YES;
				CLANG_WARN_OBJC_LITERAL_CONVERSION = YES;
				CLANG_WARN_OBJC_ROOT_CLASS = YES_ERROR;
				CLANG_WARN_QUOTED_INCLUDE_IN_FRAMEWORK_HEADER = YES;
				CLANG_WARN_RANGE_LOOP_ANALYSIS = YES;
				CLANG_WARN_STRICT_PROTOTYPES = YES;
				CLANG_WARN_SUSPICIOUS_MOVE = YES;
				CLANG_WARN_UNGUARDED_AVAILABILITY = YES_AGGRESSIVE;
				CLANG_WARN_UNREACHABLE_CODE = YES;
				CLANG_WARN__DUPLICATE_METHOD_MATCH = YES;
				COPY_PHASE_STRIP = NO;
				DEBUG_INFORMATION_FORMAT = "dwarf-with-dsym";
				ENABLE_NS_ASSERTIONS = NO;
				ENABLE_STRICT_OBJC_MSGSEND = YES;
				GCC_C_LANGUAGE_STANDARD = gnu11;
				GCC_NO_COMMON_BLOCKS = YES;
				GCC_WARN_64_TO_32_BIT_CONVERSION = YES;
				GCC_WARN_ABOUT_RETURN_TYPE = YES_ERROR;
				GCC_WARN_UNDECLARED_SELECTOR = YES;
				GCC_WARN_UNINITIALIZED_AUTOS = YES_AGGRESSIVE;
				GCC_WARN_UNUSED_FUNCTION = YES;
				GCC_WARN_UNUSED_VARIABLE = YES;
				IPHONEOS_DEPLOYMENT_TARGET = 16.2;
				MTL_ENABLE_DEBUG_INFO = NO;
				MTL_FAST_MATH = YES;
				SDKROOT = iphoneos;
				SWIFT_COMPILATION_MODE = wholemodule;
				SWIFT_OPTIMIZATION_LEVEL = "-O";
				VALIDATE_PRODUCT = YES;
			};
			name = Release;
		};
		E5576BAF29A7965800C0E6F1 /* Debug */ = {
			isa = XCBuildConfiguration;
			buildSettings = {
				ASSETCATALOG_COMPILER_APPICON_NAME = AppIcon;
				ASSETCATALOG_COMPILER_GLOBAL_ACCENT_COLOR_NAME = AccentColor;
				CODE_SIGN_STYLE = Automatic;
				CURRENT_PROJECT_VERSION = 1;
				DEVELOPMENT_ASSET_PATHS = "\"MysticPuzzle/Preview Content\"";
				DEVELOPMENT_TEAM = CD5BA2AYRN;
				ENABLE_PREVIEWS = YES;
				GENERATE_INFOPLIST_FILE = YES;
				INFOPLIST_KEY_CFBundleDisplayName = "Mystic Puzzle";
				INFOPLIST_KEY_LSApplicationCategoryType = "public.app-category.puzzle-games";
				INFOPLIST_KEY_UIApplicationSceneManifest_Generation = YES;
				INFOPLIST_KEY_UIApplicationSupportsIndirectInputEvents = YES;
				INFOPLIST_KEY_UILaunchScreen_Generation = YES;
				INFOPLIST_KEY_UISupportedInterfaceOrientations = UIInterfaceOrientationPortrait;
				INFOPLIST_KEY_UISupportedInterfaceOrientations_iPad = "UIInterfaceOrientationPortrait UIInterfaceOrientationPortraitUpsideDown";
				IPHONEOS_DEPLOYMENT_TARGET = 14.0;
				LD_RUNPATH_SEARCH_PATHS = (
					"$(inherited)",
					"@executable_path/Frameworks",
				);
				MARKETING_VERSION = 1.0;
				PRODUCT_BUNDLE_IDENTIFIER = com.thomaspham.mysticpuzzle.ios;
				PRODUCT_NAME = "$(TARGET_NAME)";
				SUPPORTED_PLATFORMS = "iphoneos iphonesimulator";
				SUPPORTS_MACCATALYST = NO;
				SUPPORTS_MAC_DESIGNED_FOR_IPHONE_IPAD = NO;
				SWIFT_EMIT_LOC_STRINGS = YES;
				SWIFT_VERSION = 5.0;
				TARGETED_DEVICE_FAMILY = 1;
			};
			name = Debug;
		};
		E5576BB029A7965800C0E6F1 /* Release */ = {
			isa = XCBuildConfiguration;
			buildSettings = {
				ASSETCATALOG_COMPILER_APPICON_NAME = AppIcon;
				ASSETCATALOG_COMPILER_GLOBAL_ACCENT_COLOR_NAME = AccentColor;
				CODE_SIGN_STYLE = Automatic;
				CURRENT_PROJECT_VERSION = 1;
				DEVELOPMENT_ASSET_PATHS = "\"MysticPuzzle/Preview Content\"";
				DEVELOPMENT_TEAM = CD5BA2AYRN;
				ENABLE_PREVIEWS = YES;
				GENERATE_INFOPLIST_FILE = YES;
				INFOPLIST_KEY_CFBundleDisplayName = "Mystic Puzzle";
				INFOPLIST_KEY_LSApplicationCategoryType = "public.app-category.puzzle-games";
				INFOPLIST_KEY_UIApplicationSceneManifest_Generation = YES;
				INFOPLIST_KEY_UIApplicationSupportsIndirectInputEvents = YES;
				INFOPLIST_KEY_UILaunchScreen_Generation = YES;
				INFOPLIST_KEY_UISupportedInterfaceOrientations = UIInterfaceOrientationPortrait;
				INFOPLIST_KEY_UISupportedInterfaceOrientations_iPad = "UIInterfaceOrientationPortrait UIInterfaceOrientationPortraitUpsideDown";
				IPHONEOS_DEPLOYMENT_TARGET = 14.0;
				LD_RUNPATH_SEARCH_PATHS = (
					"$(inherited)",
					"@executable_path/Frameworks",
				);
				MARKETING_VERSION = 1.0;
				PRODUCT_BUNDLE_IDENTIFIER = com.thomaspham.mysticpuzzle.ios;
				PRODUCT_NAME = "$(TARGET_NAME)";
				SUPPORTED_PLATFORMS = "iphoneos iphonesimulator";
				SUPPORTS_MACCATALYST = NO;
				SUPPORTS_MAC_DESIGNED_FOR_IPHONE_IPAD = NO;
				SWIFT_EMIT_LOC_STRINGS = YES;
				SWIFT_VERSION = 5.0;
				TARGETED_DEVICE_FAMILY = 1;
			};
			name = Release;
		};
/* End XCBuildConfiguration section */

/* Begin XCConfigurationList section */
		E5576B9B29A7965600C0E6F1 /* Build configuration list for PBXProject "MysticPuzzle" */ = {
			isa = XCConfigurationList;
			buildConfigurations = (
				E5576BAC29A7965800C0E6F1 /* Debug */,
				E5576BAD29A7965800C0E6F1 /* Release */,
			);
			defaultConfigurationIsVisible = 0;
			defaultConfigurationName = Release;
		};
		E5576BAE29A7965800C0E6F1 /* Build configuration list for PBXNativeTarget "MysticPuzzle" */ = {
			isa = XCConfigurationList;
			buildConfigurations = (
				E5576BAF29A7965800C0E6F1 /* Debug */,
				E5576BB029A7965800C0E6F1 /* Release */,
			);
			defaultConfigurationIsVisible = 0;
			defaultConfigurationName = Release;
		};
/* End XCConfigurationList section */
	};
	rootObject = E5576B9829A7965600C0E6F1 /* Project object */;
}
